
Microsoft Visual Studio Solution File, Format Version 12.00
# Visual Studio Version 16
VisualStudioVersion = 16.0.30011.22
MinimumVisualStudioVersion = 10.0.40219.1
Project("{9A19103F-16F7-4668-BE54-9A1E7A4F7556}") = "EclipticBot", "EclipticBot.csproj", "{263F0BDF-F518-4741-9197-9ADF7BA59046}"
EndProject
Global
	GlobalSection(SolutionConfigurationPlatforms) = preSolution
		Debug|Any CPU = Debug|Any CPU
		Release|Any CPU = Release|Any CPU
	EndGlobalSection
	GlobalSection(ProjectConfigurationPlatforms) = postSolution
		{263F0BDF-F518-4741-9197-9ADF7BA59046}.Debug|Any CPU.ActiveCfg = Debug|Any CPU
		{263F0BDF-F518-4741-9197-9ADF7BA59046}.Debug|Any CPU.Build.0 = Debug|Any CPU
		{263F0BDF-F518-4741-9197-9ADF7BA59046}.Release|Any CPU.ActiveCfg = Release|Any CPU
		{263F0BDF-F518-4741-9197-9ADF7BA59046}.Release|Any CPU.Build.0 = Release|Any CPU
	EndGlobalSection
	GlobalSection(SolutionProperties) = preSolution
		HideSolutionNode = FALSE
	EndGlobalSection
	GlobalSection(ExtensibilityGlobals) = postSolution
		SolutionGuid = {4424D37B-9BAB-4283-923C-550600D06530}
	EndGlobalSection
EndGlobal
